PODS:
  - BabyBluetooth (0.5.0)
  - SVProgressHUD (2.0-beta8)

DEPENDENCIES:
  - BabyBluetooth (~> 0.5.0)
  - SVProgressHUD (from `https://github.com/SVProgressHUD/SVProgressHUD.git`)

EXTERNAL SOURCES:
  SVProgressHUD:
    :git: https://github.com/SVProgressHUD/SVProgressHUD.git

CHECKOUT OPTIONS:
  SVProgressHUD:
    :commit: 2241d428ac866e6603388430aac83902a01b111c
    :git: https://github.com/SVProgressHUD/SVProgressHUD.git

SPEC CHECKSUMS:
  BabyBluetooth: dae3d3edc48d13939deebd457bb57d35f64dae19
  SVProgressHUD: 6e48a1dda09ce3b58adc41d013baed3a8e8980ff

COCOAPODS: 0.39.0
