// !$*UTF8*$!
{
	archiveVersion = 1;
	classes = {
	};
	objectVersion = 46;
	objects = {

/* Begin PBXBuildFile section */
		B97C30C90A628A99689C81DE /* libPods.a in Frameworks */ = {isa = PBXBuildFile; fileRef = C5C0857796A6A7230A11E96E /* libPods.a */; };
		FC3F3A731C9AA39D0027D5D0 /* main.m in Sources */ = {isa = PBXBuildFile; fileRef = FC3F3A721C9AA39D0027D5D0 /* main.m */; };
		FC3F3A761C9AA39D0027D5D0 /* AppDelegate.m in Sources */ = {isa = PBXBuildFile; fileRef = FC3F3A751C9AA39D0027D5D0 /* AppDelegate.m */; };
		FC3F3A7C1C9AA39D0027D5D0 /* Main.storyboard in Resources */ = {isa = PBXBuildFile; fileRef = FC3F3A7A1C9AA39D0027D5D0 /* Main.storyboard */; };
		FC3F3A7F1C9AA39D0027D5D0 /* BlueTooth.xcdatamodeld in Sources */ = {isa = PBXBuildFile; fileRef = FC3F3A7D1C9AA39D0027D5D0 /* BlueTooth.xcdatamodeld */; };
		FC3F3A811C9AA39E0027D5D0 /* Assets.xcassets in Resources */ = {isa = PBXBuildFile; fileRef = FC3F3A801C9AA39E0027D5D0 /* Assets.xcassets */; };
		FC3F3A8F1C9AA39E0027D5D0 /* BlueToothTests.m in Sources */ = {isa = PBXBuildFile; fileRef = FC3F3A8E1C9AA39E0027D5D0 /* BlueToothTests.m */; };
		FC3F3A9A1C9AA39E0027D5D0 /* BlueToothUITests.m in Sources */ = {isa = PBXBuildFile; fileRef = FC3F3A991C9AA39E0027D5D0 /* BlueToothUITests.m */; };
		FC3F3AA91C9AA44F0027D5D0 /* ItemViewController.m in Sources */ = {isa = PBXBuildFile; fileRef = FC3F3AA81C9AA44F0027D5D0 /* ItemViewController.m */; };
		FC3F3AAF1C9AA4900027D5D0 /* DetailViewController.m in Sources */ = {isa = PBXBuildFile; fileRef = FC3F3AAE1C9AA4900027D5D0 /* DetailViewController.m */; };
		FCF0FA321CAFCCFE00ECE62D /* ScanTableViewCell.m in Sources */ = {isa = PBXBuildFile; fileRef = FCF0FA301CAFCCFE00ECE62D /* ScanTableViewCell.m */; };
		FCF0FA331CAFCCFE00ECE62D /* ScanTableViewCell.xib in Resources */ = {isa = PBXBuildFile; fileRef = FCF0FA311CAFCCFE00ECE62D /* ScanTableViewCell.xib */; };
		FCF18D721CAFAC0900CD16C3 /* RootViewController.m in Sources */ = {isa = PBXBuildFile; fileRef = FCF18D711CAFAC0900CD16C3 /* RootViewController.m */; };
		FCF18D7A1CAFB21D00CD16C3 /* ScanModel.m in Sources */ = {isa = PBXBuildFile; fileRef = FCF18D791CAFB21D00CD16C3 /* ScanModel.m */; };
/* End PBXBuildFile section */

/* Begin PBXContainerItemProxy section */
		FC3F3A8B1C9AA39E0027D5D0 /* PBXContainerItemProxy */ = {
			isa = PBXContainerItemProxy;
			containerPortal = FC3F3A661C9AA39D0027D5D0 /* Project object */;
			proxyType = 1;
			remoteGlobalIDString = FC3F3A6D1C9AA39D0027D5D0;
			remoteInfo = BlueTooth;
		};
		FC3F3A961C9AA39E0027D5D0 /* PBXContainerItemProxy */ = {
			isa = PBXContainerItemProxy;
			containerPortal = FC3F3A661C9AA39D0027D5D0 /* Project object */;
			proxyType = 1;
			remoteGlobalIDString = FC3F3A6D1C9AA39D0027D5D0;
			remoteInfo = BlueTooth;
		};
/* End PBXContainerItemProxy section */

/* Begin PBXFileReference section */
		4A5926301A6D9C6D89D12001 /* Pods.debug.xcconfig */ = {isa = PBXFileReference; includeInIndex = 1; lastKnownFileType = text.xcconfig; name = Pods.debug.xcconfig; path = "Pods/Target Support Files/Pods/Pods.debug.xcconfig"; sourceTree = "<group>"; };
		C5C0857796A6A7230A11E96E /* libPods.a */ = {isa = PBXFileReference; explicitFileType = archive.ar; includeInIndex = 0; path = libPods.a; sourceTree = BUILT_PRODUCTS_DIR; };
		CD0B71D82DA528F9F63662CA /* Pods.release.xcconfig */ = {isa = PBXFileReference; includeInIndex = 1; lastKnownFileType = text.xcconfig; name = Pods.release.xcconfig; path = "Pods/Target Support Files/Pods/Pods.release.xcconfig"; sourceTree = "<group>"; };
		FC3F3A6E1C9AA39D0027D5D0 /* BlueTooth.app */ = {isa = PBXFileReference; explicitFileType = wrapper.application; includeInIndex = 0; path = BlueTooth.app; sourceTree = BUILT_PRODUCTS_DIR; };
		FC3F3A721C9AA39D0027D5D0 /* main.m */ = {isa = PBXFileReference; lastKnownFileType = sourcecode.c.objc; path = main.m; sourceTree = "<group>"; };
		FC3F3A741C9AA39D0027D5D0 /* AppDelegate.h */ = {isa = PBXFileReference; lastKnownFileType = sourcecode.c.h; path = AppDelegate.h; sourceTree = "<group>"; };
		FC3F3A751C9AA39D0027D5D0 /* AppDelegate.m */ = {isa = PBXFileReference; lastKnownFileType = sourcecode.c.objc; path = AppDelegate.m; sourceTree = "<group>"; };
		FC3F3A7B1C9AA39D0027D5D0 /* Base */ = {isa = PBXFileReference; lastKnownFileType = file.storyboard; name = Base; path = Base.lproj/Main.storyboard; sourceTree = "<group>"; };
		FC3F3A7E1C9AA39D0027D5D0 /* BlueTooth.xcdatamodel */ = {isa = PBXFileReference; lastKnownFileType = wrapper.xcdatamodel; path = BlueTooth.xcdatamodel; sourceTree = "<group>"; };
		FC3F3A801C9AA39E0027D5D0 /* Assets.xcassets */ = {isa = PBXFileReference; lastKnownFileType = folder.assetcatalog; path = Assets.xcassets; sourceTree = "<group>"; };
		FC3F3A851C9AA39E0027D5D0 /* Info.plist */ = {isa = PBXFileReference; lastKnownFileType = text.plist.xml; path = Info.plist; sourceTree = "<group>"; };
		FC3F3A8A1C9AA39E0027D5D0 /* BlueToothTests.xctest */ = {isa = PBXFileReference; explicitFileType = wrapper.cfbundle; includeInIndex = 0; path = BlueToothTests.xctest; sourceTree = BUILT_PRODUCTS_DIR; };
		FC3F3A8E1C9AA39E0027D5D0 /* BlueToothTests.m */ = {isa = PBXFileReference; lastKnownFileType = sourcecode.c.objc; path = BlueToothTests.m; sourceTree = "<group>"; };
		FC3F3A901C9AA39E0027D5D0 /* Info.plist */ = {isa = PBXFileReference; lastKnownFileType = text.plist.xml; path = Info.plist; sourceTree = "<group>"; };
		FC3F3A951C9AA39E0027D5D0 /* BlueToothUITests.xctest */ = {isa = PBXFileReference; explicitFileType = wrapper.cfbundle; includeInIndex = 0; path = BlueToothUITests.xctest; sourceTree = BUILT_PRODUCTS_DIR; };
		FC3F3A991C9AA39E0027D5D0 /* BlueToothUITests.m */ = {isa = PBXFileReference; lastKnownFileType = sourcecode.c.objc; path = BlueToothUITests.m; sourceTree = "<group>"; };
		FC3F3A9B1C9AA39E0027D5D0 /* Info.plist */ = {isa = PBXFileReference; lastKnownFileType = text.plist.xml; path = Info.plist; sourceTree = "<group>"; };
		FC3F3AA71C9AA44F0027D5D0 /* ItemViewController.h */ = {isa = PBXFileReference; fileEncoding = 4; lastKnownFileType = sourcecode.c.h; path = ItemViewController.h; sourceTree = "<group>"; };
		FC3F3AA81C9AA44F0027D5D0 /* ItemViewController.m */ = {isa = PBXFileReference; fileEncoding = 4; lastKnownFileType = sourcecode.c.objc; path = ItemViewController.m; sourceTree = "<group>"; };
		FC3F3AAD1C9AA4900027D5D0 /* DetailViewController.h */ = {isa = PBXFileReference; fileEncoding = 4; lastKnownFileType = sourcecode.c.h; path = DetailViewController.h; sourceTree = "<group>"; };
		FC3F3AAE1C9AA4900027D5D0 /* DetailViewController.m */ = {isa = PBXFileReference; fileEncoding = 4; lastKnownFileType = sourcecode.c.objc; path = DetailViewController.m; sourceTree = "<group>"; };
		FC9D34831C9AB80000196193 /* config.pch */ = {isa = PBXFileReference; fileEncoding = 4; lastKnownFileType = sourcecode.c.h; path = config.pch; sourceTree = "<group>"; };
		FCF0FA2F1CAFCCFE00ECE62D /* ScanTableViewCell.h */ = {isa = PBXFileReference; fileEncoding = 4; lastKnownFileType = sourcecode.c.h; path = ScanTableViewCell.h; sourceTree = "<group>"; };
		FCF0FA301CAFCCFE00ECE62D /* ScanTableViewCell.m */ = {isa = PBXFileReference; fileEncoding = 4; lastKnownFileType = sourcecode.c.objc; path = ScanTableViewCell.m; sourceTree = "<group>"; };
		FCF0FA311CAFCCFE00ECE62D /* ScanTableViewCell.xib */ = {isa = PBXFileReference; fileEncoding = 4; lastKnownFileType = file.xib; path = ScanTableViewCell.xib; sourceTree = "<group>"; };
		FCF18D701CAFAC0900CD16C3 /* RootViewController.h */ = {isa = PBXFileReference; fileEncoding = 4; lastKnownFileType = sourcecode.c.h; path = RootViewController.h; sourceTree = "<group>"; };
		FCF18D711CAFAC0900CD16C3 /* RootViewController.m */ = {isa = PBXFileReference; fileEncoding = 4; lastKnownFileType = sourcecode.c.objc; path = RootViewController.m; sourceTree = "<group>"; };
		FCF18D781CAFB21D00CD16C3 /* ScanModel.h */ = {isa = PBXFileReference; fileEncoding = 4; lastKnownFileType = sourcecode.c.h; path = ScanModel.h; sourceTree = "<group>"; };
		FCF18D791CAFB21D00CD16C3 /* ScanModel.m */ = {isa = PBXFileReference; fileEncoding = 4; lastKnownFileType = sourcecode.c.objc; path = ScanModel.m; sourceTree = "<group>"; };
/* End PBXFileReference section */

/* Begin PBXFrameworksBuildPhase section */
		FC3F3A6B1C9AA39D0027D5D0 /* Frameworks */ = {
			isa = PBXFrameworksBuildPhase;
			buildActionMask = 2147483647;
			files = (
				B97C30C90A628A99689C81DE /* libPods.a in Frameworks */,
			);
			runOnlyForDeploymentPostprocessing = 0;
		};
		FC3F3A871C9AA39E0027D5D0 /* Frameworks */ = {
			isa = PBXFrameworksBuildPhase;
			buildActionMask = 2147483647;
			files = (
			);
			runOnlyForDeploymentPostprocessing = 0;
		};
		FC3F3A921C9AA39E0027D5D0 /* Frameworks */ = {
			isa = PBXFrameworksBuildPhase;
			buildActionMask = 2147483647;
			files = (
			);
			runOnlyForDeploymentPostprocessing = 0;
		};
/* End PBXFrameworksBuildPhase section */

/* Begin PBXGroup section */
		AC03F10FB25982371D19BA21 /* Pods */ = {
			isa = PBXGroup;
			children = (
				4A5926301A6D9C6D89D12001 /* Pods.debug.xcconfig */,
				CD0B71D82DA528F9F63662CA /* Pods.release.xcconfig */,
			);
			name = Pods;
			sourceTree = "<group>";
		};
		C442B70649C0BF0432517F28 /* Frameworks */ = {
			isa = PBXGroup;
			children = (
				C5C0857796A6A7230A11E96E /* libPods.a */,
			);
			name = Frameworks;
			sourceTree = "<group>";
		};
		FC3F3A651C9AA39D0027D5D0 = {
			isa = PBXGroup;
			children = (
				FC3F3A701C9AA39D0027D5D0 /* BlueTooth */,
				FC3F3A8D1C9AA39E0027D5D0 /* BlueToothTests */,
				FC3F3A981C9AA39E0027D5D0 /* BlueToothUITests */,
				FC3F3A6F1C9AA39D0027D5D0 /* Products */,
				AC03F10FB25982371D19BA21 /* Pods */,
				C442B70649C0BF0432517F28 /* Frameworks */,
			);
			sourceTree = "<group>";
		};
		FC3F3A6F1C9AA39D0027D5D0 /* Products */ = {
			isa = PBXGroup;
			children = (
				FC3F3A6E1C9AA39D0027D5D0 /* BlueTooth.app */,
				FC3F3A8A1C9AA39E0027D5D0 /* BlueToothTests.xctest */,
				FC3F3A951C9AA39E0027D5D0 /* BlueToothUITests.xctest */,
			);
			name = Products;
			sourceTree = "<group>";
		};
		FC3F3A701C9AA39D0027D5D0 /* BlueTooth */ = {
			isa = PBXGroup;
			children = (
				FC3F3A741C9AA39D0027D5D0 /* AppDelegate.h */,
				FC3F3A751C9AA39D0027D5D0 /* AppDelegate.m */,
				FC9D34831C9AB80000196193 /* config.pch */,
				FC3F3AA71C9AA44F0027D5D0 /* ItemViewController.h */,
				FC3F3AA81C9AA44F0027D5D0 /* ItemViewController.m */,
				FCF18D741CAFAF0700CD16C3 /* 首页 */,
				FC3F3AAD1C9AA4900027D5D0 /* DetailViewController.h */,
				FC3F3AAE1C9AA4900027D5D0 /* DetailViewController.m */,
				FC3F3A7A1C9AA39D0027D5D0 /* Main.storyboard */,
				FC3F3A801C9AA39E0027D5D0 /* Assets.xcassets */,
				FC3F3A851C9AA39E0027D5D0 /* Info.plist */,
				FC3F3A7D1C9AA39D0027D5D0 /* BlueTooth.xcdatamodeld */,
				FC3F3A711C9AA39D0027D5D0 /* Supporting Files */,
			);
			path = BlueTooth;
			sourceTree = "<group>";
		};
		FC3F3A711C9AA39D0027D5D0 /* Supporting Files */ = {
			isa = PBXGroup;
			children = (
				FC3F3A721C9AA39D0027D5D0 /* main.m */,
			);
			name = "Supporting Files";
			sourceTree = "<group>";
		};
		FC3F3A8D1C9AA39E0027D5D0 /* BlueToothTests */ = {
			isa = PBXGroup;
			children = (
				FC3F3A8E1C9AA39E0027D5D0 /* BlueToothTests.m */,
				FC3F3A901C9AA39E0027D5D0 /* Info.plist */,
			);
			path = BlueToothTests;
			sourceTree = "<group>";
		};
		FC3F3A981C9AA39E0027D5D0 /* BlueToothUITests */ = {
			isa = PBXGroup;
			children = (
				FC3F3A991C9AA39E0027D5D0 /* BlueToothUITests.m */,
				FC3F3A9B1C9AA39E0027D5D0 /* Info.plist */,
			);
			path = BlueToothUITests;
			sourceTree = "<group>";
		};
		FCF18D741CAFAF0700CD16C3 /* 首页 */ = {
			isa = PBXGroup;
			children = (
				FCF18D761CAFAF1700CD16C3 /* Model */,
				FCF18D771CAFAF1A00CD16C3 /* View */,
				FCF18D751CAFAF0C00CD16C3 /* Controller */,
			);
			name = "首页";
			sourceTree = "<group>";
		};
		FCF18D751CAFAF0C00CD16C3 /* Controller */ = {
			isa = PBXGroup;
			children = (
				FCF18D701CAFAC0900CD16C3 /* RootViewController.h */,
				FCF18D711CAFAC0900CD16C3 /* RootViewController.m */,
			);
			name = Controller;
			sourceTree = "<group>";
		};
		FCF18D761CAFAF1700CD16C3 /* Model */ = {
			isa = PBXGroup;
			children = (
				FCF18D781CAFB21D00CD16C3 /* ScanModel.h */,
				FCF18D791CAFB21D00CD16C3 /* ScanModel.m */,
			);
			name = Model;
			sourceTree = "<group>";
		};
		FCF18D771CAFAF1A00CD16C3 /* View */ = {
			isa = PBXGroup;
			children = (
				FCF0FA2F1CAFCCFE00ECE62D /* ScanTableViewCell.h */,
				FCF0FA301CAFCCFE00ECE62D /* ScanTableViewCell.m */,
				FCF0FA311CAFCCFE00ECE62D /* ScanTableViewCell.xib */,
			);
			name = View;
			sourceTree = "<group>";
		};
/* End PBXGroup section */

/* Begin PBXNativeTarget section */
		FC3F3A6D1C9AA39D0027D5D0 /* BlueTooth */ = {
			isa = PBXNativeTarget;
			buildConfigurationList = FC3F3A9E1C9AA39E0027D5D0 /* Build configuration list for PBXNativeTarget "BlueTooth" */;
			buildPhases = (
				23D6FE7579B140CCD3FFB5C7 /* Check Pods Manifest.lock */,
				FC3F3A6A1C9AA39D0027D5D0 /* Sources */,
				FC3F3A6B1C9AA39D0027D5D0 /* Frameworks */,
				FC3F3A6C1C9AA39D0027D5D0 /* Resources */,
				F8595D8ADE7893E96F56AC1F /* Embed Pods Frameworks */,
				7CE4E2D77504248F6F7ABD81 /* Copy Pods Resources */,
			);
			buildRules = (
			);
			dependencies = (
			);
			name = BlueTooth;
			productName = BlueTooth;
			productReference = FC3F3A6E1C9AA39D0027D5D0 /* BlueTooth.app */;
			productType = "com.apple.product-type.application";
		};
		FC3F3A891C9AA39E0027D5D0 /* BlueToothTests */ = {
			isa = PBXNativeTarget;
			buildConfigurationList = FC3F3AA11C9AA39E0027D5D0 /* Build configuration list for PBXNativeTarget "BlueToothTests" */;
			buildPhases = (
				FC3F3A861C9AA39E0027D5D0 /* Sources */,
				FC3F3A871C9AA39E0027D5D0 /* Frameworks */,
				FC3F3A881C9AA39E0027D5D0 /* Resources */,
			);
			buildRules = (
			);
			dependencies = (
				FC3F3A8C1C9AA39E0027D5D0 /* PBXTargetDependency */,
			);
			name = BlueToothTests;
			productName = BlueToothTests;
			productReference = FC3F3A8A1C9AA39E0027D5D0 /* BlueToothTests.xctest */;
			productType = "com.apple.product-type.bundle.unit-test";
		};
		FC3F3A941C9AA39E0027D5D0 /* BlueToothUITests */ = {
			isa = PBXNativeTarget;
			buildConfigurationList = FC3F3AA41C9AA39E0027D5D0 /* Build configuration list for PBXNativeTarget "BlueToothUITests" */;
			buildPhases = (
				FC3F3A911C9AA39E0027D5D0 /* Sources */,
				FC3F3A921C9AA39E0027D5D0 /* Frameworks */,
				FC3F3A931C9AA39E0027D5D0 /* Resources */,
			);
			buildRules = (
			);
			dependencies = (
				FC3F3A971C9AA39E0027D5D0 /* PBXTargetDependency */,
			);
			name = BlueToothUITests;
			productName = BlueToothUITests;
			productReference = FC3F3A951C9AA39E0027D5D0 /* BlueToothUITests.xctest */;
			productType = "com.apple.product-type.bundle.ui-testing";
		};
/* End PBXNativeTarget section */

/* Begin PBXProject section */
		FC3F3A661C9AA39D0027D5D0 /* Project object */ = {
			isa = PBXProject;
			attributes = {
				LastUpgradeCheck = 0720;
				ORGANIZATIONNAME = kong;
				TargetAttributes = {
					FC3F3A6D1C9AA39D0027D5D0 = {
						CreatedOnToolsVersion = 7.2.1;
						DevelopmentTeam = JL84946HRV;
					};
					FC3F3A891C9AA39E0027D5D0 = {
						CreatedOnToolsVersion = 7.2.1;
						TestTargetID = FC3F3A6D1C9AA39D0027D5D0;
					};
					FC3F3A941C9AA39E0027D5D0 = {
						CreatedOnToolsVersion = 7.2.1;
						TestTargetID = FC3F3A6D1C9AA39D0027D5D0;
					};
				};
			};
			buildConfigurationList = FC3F3A691C9AA39D0027D5D0 /* Build configuration list for PBXProject "BlueTooth" */;
			compatibilityVersion = "Xcode 3.2";
			developmentRegion = English;
			hasScannedForEncodings = 0;
			knownRegions = (
				en,
				Base,
			);
			mainGroup = FC3F3A651C9AA39D0027D5D0;
			productRefGroup = FC3F3A6F1C9AA39D0027D5D0 /* Products */;
			projectDirPath = "";
			projectRoot = "";
			targets = (
				FC3F3A6D1C9AA39D0027D5D0 /* BlueTooth */,
				FC3F3A891C9AA39E0027D5D0 /* BlueToothTests */,
				FC3F3A941C9AA39E0027D5D0 /* BlueToothUITests */,
			);
		};
/* End PBXProject section */

/* Begin PBXResourcesBuildPhase section */
		FC3F3A6C1C9AA39D0027D5D0 /* Resources */ = {
			isa = PBXResourcesBuildPhase;
			buildActionMask = 2147483647;
			files = (
				FC3F3A811C9AA39E0027D5D0 /* Assets.xcassets in Resources */,
				FCF0FA331CAFCCFE00ECE62D /* ScanTableViewCell.xib in Resources */,
				FC3F3A7C1C9AA39D0027D5D0 /* Main.storyboard in Resources */,
			);
			runOnlyForDeploymentPostprocessing = 0;
		};
		FC3F3A881C9AA39E0027D5D0 /* Resources */ = {
			isa = PBXResourcesBuildPhase;
			buildActionMask = 2147483647;
			files = (
			);
			runOnlyForDeploymentPostprocessing = 0;
		};
		FC3F3A931C9AA39E0027D5D0 /* Resources */ = {
			isa = PBXResourcesBuildPhase;
			buildActionMask = 2147483647;
			files = (
			);
			runOnlyForDeploymentPostprocessing = 0;
		};
/* End PBXResourcesBuildPhase section */

/* Begin PBXShellScriptBuildPhase section */
		23D6FE7579B140CCD3FFB5C7 /* Check Pods Manifest.lock */ = {
			isa = PBXShellScriptBuildPhase;
			buildActionMask = 2147483647;
			files = (
			);
			inputPaths = (
			);
			name = "Check Pods Manifest.lock";
			outputPaths = (
			);
			runOnlyForDeploymentPostprocessing = 0;
			shellPath = /bin/sh;
			shellScript = "diff \"${PODS_ROOT}/../Podfile.lock\" \"${PODS_ROOT}/Manifest.lock\" > /dev/null\nif [[ $? != 0 ]] ; then\n    cat << EOM\nerror: The sandbox is not in sync with the Podfile.lock. Run 'pod install' or update your CocoaPods installation.\nEOM\n    exit 1\nfi\n";
			showEnvVarsInLog = 0;
		};
		7CE4E2D77504248F6F7ABD81 /* Copy Pods Resources */ = {
			isa = PBXShellScriptBuildPhase;
			buildActionMask = 2147483647;
			files = (
			);
			inputPaths = (
			);
			name = "Copy Pods Resources";
			outputPaths = (
			);
			runOnlyForDeploymentPostprocessing = 0;
			shellPath = /bin/sh;
			shellScript = "\"${SRCROOT}/Pods/Target Support Files/Pods/Pods-resources.sh\"\n";
			showEnvVarsInLog = 0;
		};
		F8595D8ADE7893E96F56AC1F /* Embed Pods Frameworks */ = {
			isa = PBXShellScriptBuildPhase;
			buildActionMask = 2147483647;
			files = (
			);
			inputPaths = (
			);
			name = "Embed Pods Frameworks";
			outputPaths = (
			);
			runOnlyForDeploymentPostprocessing = 0;
			shellPath = /bin/sh;
			shellScript = "\"${SRCROOT}/Pods/Target Support Files/Pods/Pods-frameworks.sh\"\n";
			showEnvVarsInLog = 0;
		};
/* End PBXShellScriptBuildPhase section */

/* Begin PBXSourcesBuildPhase section */
		FC3F3A6A1C9AA39D0027D5D0 /* Sources */ = {
			isa = PBXSourcesBuildPhase;
			buildActionMask = 2147483647;
			files = (
				FC3F3A7F1C9AA39D0027D5D0 /* BlueTooth.xcdatamodeld in Sources */,
				FC3F3AA91C9AA44F0027D5D0 /* ItemViewController.m in Sources */,
				FCF18D721CAFAC0900CD16C3 /* RootViewController.m in Sources */,
				FC3F3A761C9AA39D0027D5D0 /* AppDelegate.m in Sources */,
				FCF18D7A1CAFB21D00CD16C3 /* ScanModel.m in Sources */,
				FC3F3A731C9AA39D0027D5D0 /* main.m in Sources */,
				FCF0FA321CAFCCFE00ECE62D /* ScanTableViewCell.m in Sources */,
				FC3F3AAF1C9AA4900027D5D0 /* DetailViewController.m in Sources */,
			);
			runOnlyForDeploymentPostprocessing = 0;
		};
		FC3F3A861C9AA39E0027D5D0 /* Sources */ = {
			isa = PBXSourcesBuildPhase;
			buildActionMask = 2147483647;
			files = (
				FC3F3A8F1C9AA39E0027D5D0 /* BlueToothTests.m in Sources */,
			);
			runOnlyForDeploymentPostprocessing = 0;
		};
		FC3F3A911C9AA39E0027D5D0 /* Sources */ = {
			isa = PBXSourcesBuildPhase;
			buildActionMask = 2147483647;
			files = (
				FC3F3A9A1C9AA39E0027D5D0 /* BlueToothUITests.m in Sources */,
			);
			runOnlyForDeploymentPostprocessing = 0;
		};
/* End PBXSourcesBuildPhase section */

/* Begin PBXTargetDependency section */
		FC3F3A8C1C9AA39E0027D5D0 /* PBXTargetDependency */ = {
			isa = PBXTargetDependency;
			target = FC3F3A6D1C9AA39D0027D5D0 /* BlueTooth */;
			targetProxy = FC3F3A8B1C9AA39E0027D5D0 /* PBXContainerItemProxy */;
		};
		FC3F3A971C9AA39E0027D5D0 /* PBXTargetDependency */ = {
			isa = PBXTargetDependency;
			target = FC3F3A6D1C9AA39D0027D5D0 /* BlueTooth */;
			targetProxy = FC3F3A961C9AA39E0027D5D0 /* PBXContainerItemProxy */;
		};
/* End PBXTargetDependency section */

/* Begin PBXVariantGroup section */
		FC3F3A7A1C9AA39D0027D5D0 /* Main.storyboard */ = {
			isa = PBXVariantGroup;
			children = (
				FC3F3A7B1C9AA39D0027D5D0 /* Base */,
			);
			name = Main.storyboard;
			sourceTree = "<group>";
		};
/* End PBXVariantGroup section */

/* Begin XCBuildConfiguration section */
		FC3F3A9C1C9AA39E0027D5D0 /* Debug */ = {
			isa = XCBuildConfiguration;
			buildSettings = {
				ALWAYS_SEARCH_USER_PATHS = NO;
				CLANG_CXX_LANGUAGE_STANDARD = "gnu++0x";
				CLANG_CXX_LIBRARY = "libc++";
				CLANG_ENABLE_MODULES = YES;
				CLANG_ENABLE_OBJC_ARC = YES;
				CLANG_WARN_BOOL_CONVERSION = YES;
				CLANG_WARN_CONSTANT_CONVERSION = YES;
				CLANG_WARN_DIRECT_OBJC_ISA_USAGE = YES_ERROR;
				CLANG_WARN_EMPTY_BODY = YES;
				CLANG_WARN_ENUM_CONVERSION = YES;
				CLANG_WARN_INT_CONVERSION = YES;
				CLANG_WARN_OBJC_ROOT_CLASS = YES_ERROR;
				CLANG_WARN_UNREACHABLE_CODE = YES;
				CLANG_WARN__DUPLICATE_METHOD_MATCH = YES;
				"CODE_SIGN_IDENTITY[sdk=iphoneos*]" = "iPhone Developer";
				COPY_PHASE_STRIP = NO;
				DEBUG_INFORMATION_FORMAT = dwarf;
				ENABLE_STRICT_OBJC_MSGSEND = YES;
				ENABLE_TESTABILITY = YES;
				GCC_C_LANGUAGE_STANDARD = gnu99;
				GCC_DYNAMIC_NO_PIC = NO;
				GCC_NO_COMMON_BLOCKS = YES;
				GCC_OPTIMIZATION_LEVEL = 0;
				GCC_PREFIX_HEADER = "$(SRCROOT)/BlueTooth/config.pch";
				GCC_PREPROCESSOR_DEFINITIONS = (
					"DEBUG=1",
					"$(inherited)",
				);
				GCC_WARN_64_TO_32_BIT_CONVERSION = YES;
				GCC_WARN_ABOUT_RETURN_TYPE = YES_ERROR;
				GCC_WARN_UNDECLARED_SELECTOR = YES;
				GCC_WARN_UNINITIALIZED_AUTOS = YES_AGGRESSIVE;
				GCC_WARN_UNUSED_FUNCTION = YES;
				GCC_WARN_UNUSED_VARIABLE = YES;
				IPHONEOS_DEPLOYMENT_TARGET = 9.2;
				MTL_ENABLE_DEBUG_INFO = YES;
				ONLY_ACTIVE_ARCH = YES;
				SDKROOT = iphoneos;
			};
			name = Debug;
		};
		FC3F3A9D1C9AA39E0027D5D0 /* Release */ = {
			isa = XCBuildConfiguration;
			buildSettings = {
				ALWAYS_SEARCH_USER_PATHS = NO;
				CLANG_CXX_LANGUAGE_STANDARD = "gnu++0x";
				CLANG_CXX_LIBRARY = "libc++";
				CLANG_ENABLE_MODULES = YES;
				CLANG_ENABLE_OBJC_ARC = YES;
				CLANG_WARN_BOOL_CONVERSION = YES;
				CLANG_WARN_CONSTANT_CONVERSION = YES;
				CLANG_WARN_DIRECT_OBJC_ISA_USAGE = YES_ERROR;
				CLANG_WARN_EMPTY_BODY = YES;
				CLANG_WARN_ENUM_CONVERSION = YES;
				CLANG_WARN_INT_CONVERSION = YES;
				CLANG_WARN_OBJC_ROOT_CLASS = YES_ERROR;
				CLANG_WARN_UNREACHABLE_CODE = YES;
				CLANG_WARN__DUPLICATE_METHOD_MATCH = YES;
				"CODE_SIGN_IDENTITY[sdk=iphoneos*]" = "iPhone Developer";
				COPY_PHASE_STRIP = NO;
				DEBUG_INFORMATION_FORMAT = "dwarf-with-dsym";
				ENABLE_NS_ASSERTIONS = NO;
				ENABLE_STRICT_OBJC_MSGSEND = YES;
				GCC_C_LANGUAGE_STANDARD = gnu99;
				GCC_NO_COMMON_BLOCKS = YES;
				GCC_PREFIX_HEADER = "$(SRCROOT)/BlueTooth/config.pch";
				GCC_WARN_64_TO_32_BIT_CONVERSION = YES;
				GCC_WARN_ABOUT_RETURN_TYPE = YES_ERROR;
				GCC_WARN_UNDECLARED_SELECTOR = YES;
				GCC_WARN_UNINITIALIZED_AUTOS = YES_AGGRESSIVE;
				GCC_WARN_UNUSED_FUNCTION = YES;
				GCC_WARN_UNUSED_VARIABLE = YES;
				IPHONEOS_DEPLOYMENT_TARGET = 9.2;
				MTL_ENABLE_DEBUG_INFO = NO;
				SDKROOT = iphoneos;
				VALIDATE_PRODUCT = YES;
			};
			name = Release;
		};
		FC3F3A9F1C9AA39E0027D5D0 /* Debug */ = {
			isa = XCBuildConfiguration;
			baseConfigurationReference = 4A5926301A6D9C6D89D12001 /* Pods.debug.xcconfig */;
			buildSettings = {
				ASSETCATALOG_COMPILER_APPICON_NAME = AppIcon;
				CODE_SIGN_IDENTITY = "iPhone Developer";
				"CODE_SIGN_IDENTITY[sdk=iphoneos*]" = "iPhone Developer";
				INFOPLIST_FILE = BlueTooth/Info.plist;
				LD_RUNPATH_SEARCH_PATHS = "$(inherited) @executable_path/Frameworks";
				PRODUCT_BUNDLE_IDENTIFIER = com.swift.BlueTooth;
				PRODUCT_NAME = "$(TARGET_NAME)";
				PROVISIONING_PROFILE = "";
				TARGETED_DEVICE_FAMILY = "1,2";
			};
			name = Debug;
		};
		FC3F3AA01C9AA39E0027D5D0 /* Release */ = {
			isa = XCBuildConfiguration;
			baseConfigurationReference = CD0B71D82DA528F9F63662CA /* Pods.release.xcconfig */;
			buildSettings = {
				ASSETCATALOG_COMPILER_APPICON_NAME = AppIcon;
				CODE_SIGN_IDENTITY = "iPhone Developer";
				"CODE_SIGN_IDENTITY[sdk=iphoneos*]" = "iPhone Developer";
				INFOPLIST_FILE = BlueTooth/Info.plist;
				LD_RUNPATH_SEARCH_PATHS = "$(inherited) @executable_path/Frameworks";
				PRODUCT_BUNDLE_IDENTIFIER = com.swift.BlueTooth;
				PRODUCT_NAME = "$(TARGET_NAME)";
				PROVISIONING_PROFILE = "";
				TARGETED_DEVICE_FAMILY = "1,2";
			};
			name = Release;
		};
		FC3F3AA21C9AA39E0027D5D0 /* Debug */ = {
			isa = XCBuildConfiguration;
			buildSettings = {
				BUNDLE_LOADER = "$(TEST_HOST)";
				INFOPLIST_FILE = BlueToothTests/Info.plist;
				LD_RUNPATH_SEARCH_PATHS = "$(inherited) @executable_path/Frameworks @loader_path/Frameworks";
				PRODUCT_BUNDLE_IDENTIFIER = com.swift.BlueToothTests;
				PRODUCT_NAME = "$(TARGET_NAME)";
				TEST_HOST = "$(BUILT_PRODUCTS_DIR)/BlueTooth.app/BlueTooth";
			};
			name = Debug;
		};
		FC3F3AA31C9AA39E0027D5D0 /* Release */ = {
			isa = XCBuildConfiguration;
			buildSettings = {
				BUNDLE_LOADER = "$(TEST_HOST)";
				INFOPLIST_FILE = BlueToothTests/Info.plist;
				LD_RUNPATH_SEARCH_PATHS = "$(inherited) @executable_path/Frameworks @loader_path/Frameworks";
				PRODUCT_BUNDLE_IDENTIFIER = com.swift.BlueToothTests;
				PRODUCT_NAME = "$(TARGET_NAME)";
				TEST_HOST = "$(BUILT_PRODUCTS_DIR)/BlueTooth.app/BlueTooth";
			};
			name = Release;
		};
		FC3F3AA51C9AA39E0027D5D0 /* Debug */ = {
			isa = XCBuildConfiguration;
			buildSettings = {
				INFOPLIST_FILE = BlueToothUITests/Info.plist;
				LD_RUNPATH_SEARCH_PATHS = "$(inherited) @executable_path/Frameworks @loader_path/Frameworks";
				PRODUCT_BUNDLE_IDENTIFIER = com.swift.BlueToothUITests;
				PRODUCT_NAME = "$(TARGET_NAME)";
				TEST_TARGET_NAME = BlueTooth;
				USES_XCTRUNNER = YES;
			};
			name = Debug;
		};
		FC3F3AA61C9AA39E0027D5D0 /* Release */ = {
			isa = XCBuildConfiguration;
			buildSettings = {
				INFOPLIST_FILE = BlueToothUITests/Info.plist;
				LD_RUNPATH_SEARCH_PATHS = "$(inherited) @executable_path/Frameworks @loader_path/Frameworks";
				PRODUCT_BUNDLE_IDENTIFIER = com.swift.BlueToothUITests;
				PRODUCT_NAME = "$(TARGET_NAME)";
				TEST_TARGET_NAME = BlueTooth;
				USES_XCTRUNNER = YES;
			};
			name = Release;
		};
/* End XCBuildConfiguration section */

/* Begin XCConfigurationList section */
		FC3F3A691C9AA39D0027D5D0 /* Build configuration list for PBXProject "BlueTooth" */ = {
			isa = XCConfigurationList;
			buildConfigurations = (
				FC3F3A9C1C9AA39E0027D5D0 /* Debug */,
				FC3F3A9D1C9AA39E0027D5D0 /* Release */,
			);
			defaultConfigurationIsVisible = 0;
			defaultConfigurationName = Release;
		};
		FC3F3A9E1C9AA39E0027D5D0 /* Build configuration list for PBXNativeTarget "BlueTooth" */ = {
			isa = XCConfigurationList;
			buildConfigurations = (
				FC3F3A9F1C9AA39E0027D5D0 /* Debug */,
				FC3F3AA01C9AA39E0027D5D0 /* Release */,
			);
			defaultConfigurationIsVisible = 0;
			defaultConfigurationName = Release;
		};
		FC3F3AA11C9AA39E0027D5D0 /* Build configuration list for PBXNativeTarget "BlueToothTests" */ = {
			isa = XCConfigurationList;
			buildConfigurations = (
				FC3F3AA21C9AA39E0027D5D0 /* Debug */,
				FC3F3AA31C9AA39E0027D5D0 /* Release */,
			);
			defaultConfigurationIsVisible = 0;
			defaultConfigurationName = Release;
		};
		FC3F3AA41C9AA39E0027D5D0 /* Build configuration list for PBXNativeTarget "BlueToothUITests" */ = {
			isa = XCConfigurationList;
			buildConfigurations = (
				FC3F3AA51C9AA39E0027D5D0 /* Debug */,
				FC3F3AA61C9AA39E0027D5D0 /* Release */,
			);
			defaultConfigurationIsVisible = 0;
			defaultConfigurationName = Release;
		};
/* End XCConfigurationList section */

/* Begin XCVersionGroup section */
		FC3F3A7D1C9AA39D0027D5D0 /* BlueTooth.xcdatamodeld */ = {
			isa = XCVersionGroup;
			children = (
				FC3F3A7E1C9AA39D0027D5D0 /* BlueTooth.xcdatamodel */,
			);
			currentVersion = FC3F3A7E1C9AA39D0027D5D0 /* BlueTooth.xcdatamodel */;
			path = BlueTooth.xcdatamodeld;
			sourceTree = "<group>";
			versionGroupType = wrapper.xcdatamodel;
		};
/* End XCVersionGroup section */
	};
	rootObject = FC3F3A661C9AA39D0027D5D0 /* Project object */;
}
